{
  "name": "wwwroot",
  "version": "1.0.0",
  "lockfileVersion": 3,
  "requires": true,
  "packages": {
    "": {
      "name": "wwwroot",
      "version": "1.0.0",
      "license": "ISC",
      "devDependencies": {
        "zurb-foundation": "^4.2.3"
      }
    },
    "node_modules/zurb-foundation": {
      "version": "4.2.3",
      "resolved": "https://registry.npmjs.org/zurb-foundation/-/zurb-foundation-4.2.3.tgz",
      "integrity": "sha512-7zy3ByYsFP57YKXgnTCZUw8q5J/clu8G+Y9ot8mTmdj7mIqhfsbarcjgEe7ESEn8tv2x5fyCMARAaslvUVh2Ew==",
      "dev": true
    }
  }
}
